
Microsoft Visual Studio Solution File, Format Version 12.00
# Visual Studio Version 16
VisualStudioVersion = 16.0.30621.155
MinimumVisualStudioVersion = 10.0.40219.1
Project("{FAE04EC0-301F-11D3-BF4B-00C04F79EFBC}") = "HT_tasks_atoffice", "HT_tasks_atoffice\HT_tasks_atoffice.csproj", "{A55BE233-52A9-4F6E-A1CC-0C544FCEA33F}"
EndProject
Project("{FAE04EC0-301F-11D3-BF4B-00C04F79EFBC}") = "Task4", "Task4\Task4.csproj", "{9A1DE421-C8AD-445B-B73A-88093F4C798C}"
EndProject
Project("{FAE04EC0-301F-11D3-BF4B-00C04F79EFBC}") = "Task1", "Task1\Task1.csproj", "{D75F3EB2-38CD-4AD7-9D8A-E47857289792}"
EndProject
Global
	GlobalSection(SolutionConfigurationPlatforms) = preSolution
		Debug|Any CPU = Debug|Any CPU
		Release|Any CPU = Release|Any CPU
	EndGlobalSection
	GlobalSection(ProjectConfigurationPlatforms) = postSolution
		{A55BE233-52A9-4F6E-A1CC-0C544FCEA33F}.Debug|Any CPU.ActiveCfg = Debug|Any CPU
		{A55BE233-52A9-4F6E-A1CC-0C544FCEA33F}.Debug|Any CPU.Build.0 = Debug|Any CPU
		{A55BE233-52A9-4F6E-A1CC-0C544FCEA33F}.Release|Any CPU.ActiveCfg = Release|Any CPU
		{A55BE233-52A9-4F6E-A1CC-0C544FCEA33F}.Release|Any CPU.Build.0 = Release|Any CPU
		{9A1DE421-C8AD-445B-B73A-88093F4C798C}.Debug|Any CPU.ActiveCfg = Debug|Any CPU
		{9A1DE421-C8AD-445B-B73A-88093F4C798C}.Debug|Any CPU.Build.0 = Debug|Any CPU
		{9A1DE421-C8AD-445B-B73A-88093F4C798C}.Release|Any CPU.ActiveCfg = Release|Any CPU
		{9A1DE421-C8AD-445B-B73A-88093F4C798C}.Release|Any CPU.Build.0 = Release|Any CPU
		{D75F3EB2-38CD-4AD7-9D8A-E47857289792}.Debug|Any CPU.ActiveCfg = Debug|Any CPU
		{D75F3EB2-38CD-4AD7-9D8A-E47857289792}.Debug|Any CPU.Build.0 = Debug|Any CPU
		{D75F3EB2-38CD-4AD7-9D8A-E47857289792}.Release|Any CPU.ActiveCfg = Release|Any CPU
		{D75F3EB2-38CD-4AD7-9D8A-E47857289792}.Release|Any CPU.Build.0 = Release|Any CPU
	EndGlobalSection
	GlobalSection(SolutionProperties) = preSolution
		HideSolutionNode = FALSE
	EndGlobalSection
	GlobalSection(ExtensibilityGlobals) = postSolution
		SolutionGuid = {0ADC8F2C-A3BE-4962-B8F7-BA448E140B01}
	EndGlobalSection
EndGlobal
